// !$*UTF8*$!
{
	archiveVersion = 1;
	classes = {
	};
	objectVersion = 46;
	objects = {

/* Begin PBXBuildFile section */
		C44D9D441BAFDBF0004F6DD5 /* main.m in Sources */ = {isa = PBXBuildFile; fileRef = C44D9D431BAFDBF0004F6DD5 /* main.m */; };
		C44D9D471BAFDBF0004F6DD5 /* AppDelegate.m in Sources */ = {isa = PBXBuildFile; fileRef = C44D9D461BAFDBF0004F6DD5 /* AppDelegate.m */; };
		C44D9D4A1BAFDBF0004F6DD5 /* ViewController.m in Sources */ = {isa = PBXBuildFile; fileRef = C44D9D491BAFDBF0004F6DD5 /* ViewController.m */; };
		C44D9D4D1BAFDBF0004F6DD5 /* Main.storyboard in Resources */ = {isa = PBXBuildFile; fileRef = C44D9D4B1BAFDBF0004F6DD5 /* Main.storyboard */; };
		C44D9D4F1BAFDBF0004F6DD5 /* Images.xcassets in Resources */ = {isa = PBXBuildFile; fileRef = C44D9D4E1BAFDBF0004F6DD5 /* Images.xcassets */; };
		C44D9D521BAFDBF0004F6DD5 /* LaunchScreen.xib in Resources */ = {isa = PBXBuildFile; fileRef = C44D9D501BAFDBF0004F6DD5 /* LaunchScreen.xib */; };
		C44D9D5E1BAFDBF0004F6DD5 /* CanvasAppTests.m in Sources */ = {isa = PBXBuildFile; fileRef = C44D9D5D1BAFDBF0004F6DD5 /* CanvasAppTests.m */; };
		C44D9D691BAFDD05004F6DD5 /* CanvasView.m in Sources */ = {isa = PBXBuildFile; fileRef = C44D9D681BAFDD05004F6DD5 /* CanvasView.m */; };
		C44D9D6C1BB0F162004F6DD5 /* MCShape.m in Sources */ = {isa = PBXBuildFile; fileRef = C44D9D6B1BB0F162004F6DD5 /* MCShape.m */; };
		C44D9D781BB0F726004F6DD5 /* MCPoint.m in Sources */ = {isa = PBXBuildFile; fileRef = C44D9D771BB0F726004F6DD5 /* MCPoint.m */; };
		C44D9D7E1BB14BE5004F6DD5 /* MCCanvas.m in Sources */ = {isa = PBXBuildFile; fileRef = C44D9D7D1BB14BE5004F6DD5 /* MCCanvas.m */; };
/* End PBXBuildFile section */

/* Begin PBXContainerItemProxy section */
		C44D9D581BAFDBF0004F6DD5 /* PBXContainerItemProxy */ = {
			isa = PBXContainerItemProxy;
			containerPortal = C44D9D361BAFDBF0004F6DD5 /* Project object */;
			proxyType = 1;
			remoteGlobalIDString = C44D9D3D1BAFDBF0004F6DD5;
			remoteInfo = CanvasApp;
		};
/* End PBXContainerItemProxy section */

/* Begin PBXFileReference section */
		C44D9D3E1BAFDBF0004F6DD5 /* CanvasApp.app */ = {isa = PBXFileReference; explicitFileType = wrapper.application; includeInIndex = 0; path = CanvasApp.app; sourceTree = BUILT_PRODUCTS_DIR; };
		C44D9D421BAFDBF0004F6DD5 /* Info.plist */ = {isa = PBXFileReference; lastKnownFileType = text.plist.xml; path = Info.plist; sourceTree = "<group>"; };
		C44D9D431BAFDBF0004F6DD5 /* main.m */ = {isa = PBXFileReference; lastKnownFileType = sourcecode.c.objc; path = main.m; sourceTree = "<group>"; };
		C44D9D451BAFDBF0004F6DD5 /* AppDelegate.h */ = {isa = PBXFileReference; lastKnownFileType = sourcecode.c.h; path = AppDelegate.h; sourceTree = "<group>"; };
		C44D9D461BAFDBF0004F6DD5 /* AppDelegate.m */ = {isa = PBXFileReference; lastKnownFileType = sourcecode.c.objc; path = AppDelegate.m; sourceTree = "<group>"; };
		C44D9D481BAFDBF0004F6DD5 /* ViewController.h */ = {isa = PBXFileReference; lastKnownFileType = sourcecode.c.h; path = ViewController.h; sourceTree = "<group>"; };
		C44D9D491BAFDBF0004F6DD5 /* ViewController.m */ = {isa = PBXFileReference; lastKnownFileType = sourcecode.c.objc; path = ViewController.m; sourceTree = "<group>"; };
		C44D9D4C1BAFDBF0004F6DD5 /* Base */ = {isa = PBXFileReference; lastKnownFileType = file.storyboard; name = Base; path = Base.lproj/Main.storyboard; sourceTree = "<group>"; };
		C44D9D4E1BAFDBF0004F6DD5 /* Images.xcassets */ = {isa = PBXFileReference; lastKnownFileType = folder.assetcatalog; path = Images.xcassets; sourceTree = "<group>"; };
		C44D9D511BAFDBF0004F6DD5 /* Base */ = {isa = PBXFileReference; lastKnownFileType = file.xib; name = Base; path = Base.lproj/LaunchScreen.xib; sourceTree = "<group>"; };
		C44D9D571BAFDBF0004F6DD5 /* CanvasAppTests.xctest */ = {isa = PBXFileReference; explicitFileType = wrapper.cfbundle; includeInIndex = 0; path = CanvasAppTests.xctest; sourceTree = BUILT_PRODUCTS_DIR; };
		C44D9D5C1BAFDBF0004F6DD5 /* Info.plist */ = {isa = PBXFileReference; lastKnownFileType = text.plist.xml; path = Info.plist; sourceTree = "<group>"; };
		C44D9D5D1BAFDBF0004F6DD5 /* CanvasAppTests.m */ = {isa = PBXFileReference; lastKnownFileType = sourcecode.c.objc; path = CanvasAppTests.m; sourceTree = "<group>"; };
		C44D9D671BAFDD05004F6DD5 /* CanvasView.h */ = {isa = PBXFileReference; fileEncoding = 4; lastKnownFileType = sourcecode.c.h; path = CanvasView.h; sourceTree = "<group>"; };
		C44D9D681BAFDD05004F6DD5 /* CanvasView.m */ = {isa = PBXFileReference; fileEncoding = 4; lastKnownFileType = sourcecode.c.objc; path = CanvasView.m; sourceTree = "<group>"; };
		C44D9D6A1BB0F162004F6DD5 /* MCShape.h */ = {isa = PBXFileReference; fileEncoding = 4; lastKnownFileType = sourcecode.c.h; path = MCShape.h; sourceTree = "<group>"; };
		C44D9D6B1BB0F162004F6DD5 /* MCShape.m */ = {isa = PBXFileReference; fileEncoding = 4; lastKnownFileType = sourcecode.c.objc; path = MCShape.m; sourceTree = "<group>"; };
		C44D9D761BB0F726004F6DD5 /* MCPoint.h */ = {isa = PBXFileReference; fileEncoding = 4; lastKnownFileType = sourcecode.c.h; path = MCPoint.h; sourceTree = "<group>"; };
		C44D9D771BB0F726004F6DD5 /* MCPoint.m */ = {isa = PBXFileReference; fileEncoding = 4; lastKnownFileType = sourcecode.c.objc; path = MCPoint.m; sourceTree = "<group>"; };
		C44D9D7C1BB14BE5004F6DD5 /* MCCanvas.h */ = {isa = PBXFileReference; fileEncoding = 4; lastKnownFileType = sourcecode.c.h; path = MCCanvas.h; sourceTree = "<group>"; };
		C44D9D7D1BB14BE5004F6DD5 /* MCCanvas.m */ = {isa = PBXFileReference; fileEncoding = 4; lastKnownFileType = sourcecode.c.objc; path = MCCanvas.m; sourceTree = "<group>"; };
		C44D9D7F1BB24EF6004F6DD5 /* MCPointTransferProtocol.h */ = {isa = PBXFileReference; fileEncoding = 4; lastKnownFileType = sourcecode.c.h; path = MCPointTransferProtocol.h; sourceTree = "<group>"; };
/* End PBXFileReference section */

/* Begin PBXFrameworksBuildPhase section */
		C44D9D3B1BAFDBF0004F6DD5 /* Frameworks */ = {
			isa = PBXFrameworksBuildPhase;
			buildActionMask = 2147483647;
			files = (
			);
			runOnlyForDeploymentPostprocessing = 0;
		};
		C44D9D541BAFDBF0004F6DD5 /* Frameworks */ = {
			isa = PBXFrameworksBuildPhase;
			buildActionMask = 2147483647;
			files = (
			);
			runOnlyForDeploymentPostprocessing = 0;
		};
/* End PBXFrameworksBuildPhase section */

/* Begin PBXGroup section */
		C44D9D351BAFDBF0004F6DD5 = {
			isa = PBXGroup;
			children = (
				C44D9D401BAFDBF0004F6DD5 /* CanvasApp */,
				C44D9D5A1BAFDBF0004F6DD5 /* CanvasAppTests */,
				C44D9D3F1BAFDBF0004F6DD5 /* Products */,
			);
			sourceTree = "<group>";
		};
		C44D9D3F1BAFDBF0004F6DD5 /* Products */ = {
			isa = PBXGroup;
			children = (
				C44D9D3E1BAFDBF0004F6DD5 /* CanvasApp.app */,
				C44D9D571BAFDBF0004F6DD5 /* CanvasAppTests.xctest */,
			);
			name = Products;
			sourceTree = "<group>";
		};
		C44D9D401BAFDBF0004F6DD5 /* CanvasApp */ = {
			isa = PBXGroup;
			children = (
				C44D9D451BAFDBF0004F6DD5 /* AppDelegate.h */,
				C44D9D461BAFDBF0004F6DD5 /* AppDelegate.m */,
				C44D9D481BAFDBF0004F6DD5 /* ViewController.h */,
				C44D9D491BAFDBF0004F6DD5 /* ViewController.m */,
				C44D9D4B1BAFDBF0004F6DD5 /* Main.storyboard */,
				C44D9D4E1BAFDBF0004F6DD5 /* Images.xcassets */,
				C44D9D501BAFDBF0004F6DD5 /* LaunchScreen.xib */,
				C44D9D411BAFDBF0004F6DD5 /* Supporting Files */,
				C44D9D671BAFDD05004F6DD5 /* CanvasView.h */,
				C44D9D681BAFDD05004F6DD5 /* CanvasView.m */,
				C44D9D6A1BB0F162004F6DD5 /* MCShape.h */,
				C44D9D6B1BB0F162004F6DD5 /* MCShape.m */,
				C44D9D761BB0F726004F6DD5 /* MCPoint.h */,
				C44D9D771BB0F726004F6DD5 /* MCPoint.m */,
				C44D9D7C1BB14BE5004F6DD5 /* MCCanvas.h */,
				C44D9D7D1BB14BE5004F6DD5 /* MCCanvas.m */,
				C44D9D7F1BB24EF6004F6DD5 /* MCPointTransferProtocol.h */,
			);
			path = CanvasApp;
			sourceTree = "<group>";
		};
		C44D9D411BAFDBF0004F6DD5 /* Supporting Files */ = {
			isa = PBXGroup;
			children = (
				C44D9D421BAFDBF0004F6DD5 /* Info.plist */,
				C44D9D431BAFDBF0004F6DD5 /* main.m */,
			);
			name = "Supporting Files";
			sourceTree = "<group>";
		};
		C44D9D5A1BAFDBF0004F6DD5 /* CanvasAppTests */ = {
			isa = PBXGroup;
			children = (
				C44D9D5D1BAFDBF0004F6DD5 /* CanvasAppTests.m */,
				C44D9D5B1BAFDBF0004F6DD5 /* Supporting Files */,
			);
			path = CanvasAppTests;
			sourceTree = "<group>";
		};
		C44D9D5B1BAFDBF0004F6DD5 /* Supporting Files */ = {
			isa = PBXGroup;
			children = (
				C44D9D5C1BAFDBF0004F6DD5 /* Info.plist */,
			);
			name = "Supporting Files";
			sourceTree = "<group>";
		};
/* End PBXGroup section */

/* Begin PBXNativeTarget section */
		C44D9D3D1BAFDBF0004F6DD5 /* CanvasApp */ = {
			isa = PBXNativeTarget;
			buildConfigurationList = C44D9D611BAFDBF0004F6DD5 /* Build configuration list for PBXNativeTarget "CanvasApp" */;
			buildPhases = (
				C44D9D3A1BAFDBF0004F6DD5 /* Sources */,
				C44D9D3B1BAFDBF0004F6DD5 /* Frameworks */,
				C44D9D3C1BAFDBF0004F6DD5 /* Resources */,
			);
			buildRules = (
			);
			dependencies = (
			);
			name = CanvasApp;
			productName = CanvasApp;
			productReference = C44D9D3E1BAFDBF0004F6DD5 /* CanvasApp.app */;
			productType = "com.apple.product-type.application";
		};
		C44D9D561BAFDBF0004F6DD5 /* CanvasAppTests */ = {
			isa = PBXNativeTarget;
			buildConfigurationList = C44D9D641BAFDBF0004F6DD5 /* Build configuration list for PBXNativeTarget "CanvasAppTests" */;
			buildPhases = (
				C44D9D531BAFDBF0004F6DD5 /* Sources */,
				C44D9D541BAFDBF0004F6DD5 /* Frameworks */,
				C44D9D551BAFDBF0004F6DD5 /* Resources */,
			);
			buildRules = (
			);
			dependencies = (
				C44D9D591BAFDBF0004F6DD5 /* PBXTargetDependency */,
			);
			name = CanvasAppTests;
			productName = CanvasAppTests;
			productReference = C44D9D571BAFDBF0004F6DD5 /* CanvasAppTests.xctest */;
			productType = "com.apple.product-type.bundle.unit-test";
		};
/* End PBXNativeTarget section */

/* Begin PBXProject section */
		C44D9D361BAFDBF0004F6DD5 /* Project object */ = {
			isa = PBXProject;
			attributes = {
				LastUpgradeCheck = 0640;
				ORGANIZATIONNAME = mocca;
				TargetAttributes = {
					C44D9D3D1BAFDBF0004F6DD5 = {
						CreatedOnToolsVersion = 6.4;
					};
					C44D9D561BAFDBF0004F6DD5 = {
						CreatedOnToolsVersion = 6.4;
						TestTargetID = C44D9D3D1BAFDBF0004F6DD5;
					};
				};
			};
			buildConfigurationList = C44D9D391BAFDBF0004F6DD5 /* Build configuration list for PBXProject "CanvasApp" */;
			compatibilityVersion = "Xcode 3.2";
			developmentRegion = English;
			hasScannedForEncodings = 0;
			knownRegions = (
				en,
				Base,
			);
			mainGroup = C44D9D351BAFDBF0004F6DD5;
			productRefGroup = C44D9D3F1BAFDBF0004F6DD5 /* Products */;
			projectDirPath = "";
			projectRoot = "";
			targets = (
				C44D9D3D1BAFDBF0004F6DD5 /* CanvasApp */,
				C44D9D561BAFDBF0004F6DD5 /* CanvasAppTests */,
			);
		};
/* End PBXProject section */

/* Begin PBXResourcesBuildPhase section */
		C44D9D3C1BAFDBF0004F6DD5 /* Resources */ = {
			isa = PBXResourcesBuildPhase;
			buildActionMask = 2147483647;
			files = (
				C44D9D4D1BAFDBF0004F6DD5 /* Main.storyboard in Resources */,
				C44D9D521BAFDBF0004F6DD5 /* LaunchScreen.xib in Resources */,
				C44D9D4F1BAFDBF0004F6DD5 /* Images.xcassets in Resources */,
			);
			runOnlyForDeploymentPostprocessing = 0;
		};
		C44D9D551BAFDBF0004F6DD5 /* Resources */ = {
			isa = PBXResourcesBuildPhase;
			buildActionMask = 2147483647;
			files = (
			);
			runOnlyForDeploymentPostprocessing = 0;
		};
/* End PBXResourcesBuildPhase section */

/* Begin PBXSourcesBuildPhase section */
		C44D9D3A1BAFDBF0004F6DD5 /* Sources */ = {
			isa = PBXSourcesBuildPhase;
			buildActionMask = 2147483647;
			files = (
				C44D9D4A1BAFDBF0004F6DD5 /* ViewController.m in Sources */,
				C44D9D471BAFDBF0004F6DD5 /* AppDelegate.m in Sources */,
				C44D9D781BB0F726004F6DD5 /* MCPoint.m in Sources */,
				C44D9D7E1BB14BE5004F6DD5 /* MCCanvas.m in Sources */,
				C44D9D6C1BB0F162004F6DD5 /* MCShape.m in Sources */,
				C44D9D691BAFDD05004F6DD5 /* CanvasView.m in Sources */,
				C44D9D441BAFDBF0004F6DD5 /* main.m in Sources */,
			);
			runOnlyForDeploymentPostprocessing = 0;
		};
		C44D9D531BAFDBF0004F6DD5 /* Sources */ = {
			isa = PBXSourcesBuildPhase;
			buildActionMask = 2147483647;
			files = (
				C44D9D5E1BAFDBF0004F6DD5 /* CanvasAppTests.m in Sources */,
			);
			runOnlyForDeploymentPostprocessing = 0;
		};
/* End PBXSourcesBuildPhase section */

/* Begin PBXTargetDependency section */
		C44D9D591BAFDBF0004F6DD5 /* PBXTargetDependency */ = {
			isa = PBXTargetDependency;
			target = C44D9D3D1BAFDBF0004F6DD5 /* CanvasApp */;
			targetProxy = C44D9D581BAFDBF0004F6DD5 /* PBXContainerItemProxy */;
		};
/* End PBXTargetDependency section */

/* Begin PBXVariantGroup section */
		C44D9D4B1BAFDBF0004F6DD5 /* Main.storyboard */ = {
			isa = PBXVariantGroup;
			children = (
				C44D9D4C1BAFDBF0004F6DD5 /* Base */,
			);
			name = Main.storyboard;
			sourceTree = "<group>";
		};
		C44D9D501BAFDBF0004F6DD5 /* LaunchScreen.xib */ = {
			isa = PBXVariantGroup;
			children = (
				C44D9D511BAFDBF0004F6DD5 /* Base */,
			);
			name = LaunchScreen.xib;
			sourceTree = "<group>";
		};
/* End PBXVariantGroup section */

/* Begin XCBuildConfiguration section */
		C44D9D5F1BAFDBF0004F6DD5 /* Debug */ = {
			isa = XCBuildConfiguration;
			buildSettings = {
				ALWAYS_SEARCH_USER_PATHS = NO;
				CLANG_CXX_LANGUAGE_STANDARD = "gnu++0x";
				CLANG_CXX_LIBRARY = "libc++";
				CLANG_ENABLE_MODULES = YES;
				CLANG_ENABLE_OBJC_ARC = YES;
				CLANG_WARN_BOOL_CONVERSION = YES;
				CLANG_WARN_CONSTANT_CONVERSION = YES;
				CLANG_WARN_DIRECT_OBJC_ISA_USAGE = YES_ERROR;
				CLANG_WARN_EMPTY_BODY = YES;
				CLANG_WARN_ENUM_CONVERSION = YES;
				CLANG_WARN_INT_CONVERSION = YES;
				CLANG_WARN_OBJC_ROOT_CLASS = YES_ERROR;
				CLANG_WARN_UNREACHABLE_CODE = YES;
				CLANG_WARN__DUPLICATE_METHOD_MATCH = YES;
				"CODE_SIGN_IDENTITY[sdk=iphoneos*]" = "iPhone Developer";
				COPY_PHASE_STRIP = NO;
				DEBUG_INFORMATION_FORMAT = "dwarf-with-dsym";
				ENABLE_STRICT_OBJC_MSGSEND = YES;
				GCC_C_LANGUAGE_STANDARD = gnu99;
				GCC_DYNAMIC_NO_PIC = NO;
				GCC_NO_COMMON_BLOCKS = YES;
				GCC_OPTIMIZATION_LEVEL = 0;
				GCC_PREPROCESSOR_DEFINITIONS = (
					"DEBUG=1",
					"$(inherited)",
				);
				GCC_SYMBOLS_PRIVATE_EXTERN = NO;
				GCC_WARN_64_TO_32_BIT_CONVERSION = YES;
				GCC_WARN_ABOUT_RETURN_TYPE = YES_ERROR;
				GCC_WARN_UNDECLARED_SELECTOR = YES;
				GCC_WARN_UNINITIALIZED_AUTOS = YES_AGGRESSIVE;
				GCC_WARN_UNUSED_FUNCTION = YES;
				GCC_WARN_UNUSED_VARIABLE = YES;
				IPHONEOS_DEPLOYMENT_TARGET = 8.4;
				MTL_ENABLE_DEBUG_INFO = YES;
				ONLY_ACTIVE_ARCH = YES;
				SDKROOT = iphoneos;
				TARGETED_DEVICE_FAMILY = "1,2";
			};
			name = Debug;
		};
		C44D9D601BAFDBF0004F6DD5 /* Release */ = {
			isa = XCBuildConfiguration;
			buildSettings = {
				ALWAYS_SEARCH_USER_PATHS = NO;
				CLANG_CXX_LANGUAGE_STANDARD = "gnu++0x";
				CLANG_CXX_LIBRARY = "libc++";
				CLANG_ENABLE_MODULES = YES;
				CLANG_ENABLE_OBJC_ARC = YES;
				CLANG_WARN_BOOL_CONVERSION = YES;
				CLANG_WARN_CONSTANT_CONVERSION = YES;
				CLANG_WARN_DIRECT_OBJC_ISA_USAGE = YES_ERROR;
				CLANG_WARN_EMPTY_BODY = YES;
				CLANG_WARN_ENUM_CONVERSION = YES;
				CLANG_WARN_INT_CONVERSION = YES;
				CLANG_WARN_OBJC_ROOT_CLASS = YES_ERROR;
				CLANG_WARN_UNREACHABLE_CODE = YES;
				CLANG_WARN__DUPLICATE_METHOD_MATCH = YES;
				"CODE_SIGN_IDENTITY[sdk=iphoneos*]" = "iPhone Developer";
				COPY_PHASE_STRIP = NO;
				DEBUG_INFORMATION_FORMAT = "dwarf-with-dsym";
				ENABLE_NS_ASSERTIONS = NO;
				ENABLE_STRICT_OBJC_MSGSEND = YES;
				GCC_C_LANGUAGE_STANDARD = gnu99;
				GCC_NO_COMMON_BLOCKS = YES;
				GCC_WARN_64_TO_32_BIT_CONVERSION = YES;
				GCC_WARN_ABOUT_RETURN_TYPE = YES_ERROR;
				GCC_WARN_UNDECLARED_SELECTOR = YES;
				GCC_WARN_UNINITIALIZED_AUTOS = YES_AGGRESSIVE;
				GCC_WARN_UNUSED_FUNCTION = YES;
				GCC_WARN_UNUSED_VARIABLE = YES;
				IPHONEOS_DEPLOYMENT_TARGET = 8.4;
				MTL_ENABLE_DEBUG_INFO = NO;
				SDKROOT = iphoneos;
				TARGETED_DEVICE_FAMILY = "1,2";
				VALIDATE_PRODUCT = YES;
			};
			name = Release;
		};
		C44D9D621BAFDBF0004F6DD5 /* Debug */ = {
			isa = XCBuildConfiguration;
			buildSettings = {
				ASSETCATALOG_COMPILER_APPICON_NAME = AppIcon;
				INFOPLIST_FILE = CanvasApp/Info.plist;
				LD_RUNPATH_SEARCH_PATHS = "$(inherited) @executable_path/Frameworks";
				PRODUCT_NAME = "$(TARGET_NAME)";
			};
			name = Debug;
		};
		C44D9D631BAFDBF0004F6DD5 /* Release */ = {
			isa = XCBuildConfiguration;
			buildSettings = {
				ASSETCATALOG_COMPILER_APPICON_NAME = AppIcon;
				INFOPLIST_FILE = CanvasApp/Info.plist;
				LD_RUNPATH_SEARCH_PATHS = "$(inherited) @executable_path/Frameworks";
				PRODUCT_NAME = "$(TARGET_NAME)";
			};
			name = Release;
		};
		C44D9D651BAFDBF0004F6DD5 /* Debug */ = {
			isa = XCBuildConfiguration;
			buildSettings = {
				BUNDLE_LOADER = "$(TEST_HOST)";
				FRAMEWORK_SEARCH_PATHS = (
					"$(SDKROOT)/Developer/Library/Frameworks",
					"$(inherited)",
				);
				GCC_PREPROCESSOR_DEFINITIONS = (
					"DEBUG=1",
					"$(inherited)",
				);
				INFOPLIST_FILE = CanvasAppTests/Info.plist;
				LD_RUNPATH_SEARCH_PATHS = "$(inherited) @executable_path/Frameworks @loader_path/Frameworks";
				PRODUCT_NAME = "$(TARGET_NAME)";
				TEST_HOST = "$(BUILT_PRODUCTS_DIR)/CanvasApp.app/CanvasApp";
			};
			name = Debug;
		};
		C44D9D661BAFDBF0004F6DD5 /* Release */ = {
			isa = XCBuildConfiguration;
			buildSettings = {
				BUNDLE_LOADER = "$(TEST_HOST)";
				FRAMEWORK_SEARCH_PATHS = (
					"$(SDKROOT)/Developer/Library/Frameworks",
					"$(inherited)",
				);
				INFOPLIST_FILE = CanvasAppTests/Info.plist;
				LD_RUNPATH_SEARCH_PATHS = "$(inherited) @executable_path/Frameworks @loader_path/Frameworks";
				PRODUCT_NAME = "$(TARGET_NAME)";
				TEST_HOST = "$(BUILT_PRODUCTS_DIR)/CanvasApp.app/CanvasApp";
			};
			name = Release;
		};
/* End XCBuildConfiguration section */

/* Begin XCConfigurationList section */
		C44D9D391BAFDBF0004F6DD5 /* Build configuration list for PBXProject "CanvasApp" */ = {
			isa = XCConfigurationList;
			buildConfigurations = (
				C44D9D5F1BAFDBF0004F6DD5 /* Debug */,
				C44D9D601BAFDBF0004F6DD5 /* Release */,
			);
			defaultConfigurationIsVisible = 0;
			defaultConfigurationName = Release;
		};
		C44D9D611BAFDBF0004F6DD5 /* Build configuration list for PBXNativeTarget "CanvasApp" */ = {
			isa = XCConfigurationList;
			buildConfigurations = (
				C44D9D621BAFDBF0004F6DD5 /* Debug */,
				C44D9D631BAFDBF0004F6DD5 /* Release */,
			);
			defaultConfigurationIsVisible = 0;
			defaultConfigurationName = Release;
		};
		C44D9D641BAFDBF0004F6DD5 /* Build configuration list for PBXNativeTarget "CanvasAppTests" */ = {
			isa = XCConfigurationList;
			buildConfigurations = (
				C44D9D651BAFDBF0004F6DD5 /* Debug */,
				C44D9D661BAFDBF0004F6DD5 /* Release */,
			);
			defaultConfigurationIsVisible = 0;
			defaultConfigurationName = Release;
		};
/* End XCConfigurationList section */
	};
	rootObject = C44D9D361BAFDBF0004F6DD5 /* Project object */;
}
